
Microsoft Visual Studio Solution File, Format Version 12.00
# Visual Studio Version 17
VisualStudioVersion = 17.8.34408.163
MinimumVisualStudioVersion = 10.0.40219.1
Project("{FAE04EC0-301F-11D3-BF4B-00C04F79EFBC}") = "RedisExample", "RedisExample.csproj", "{80E55830-219A-45A4-B69D-79E5B5C1D855}"
EndProject
Global
	GlobalSection(SolutionConfigurationPlatforms) = preSolution
		Debug|Any CPU = Debug|Any CPU
		Release|Any CPU = Release|Any CPU
	EndGlobalSection
	GlobalSection(ProjectConfigurationPlatforms) = postSolution
		{80E55830-219A-45A4-B69D-79E5B5C1D855}.Debug|Any CPU.ActiveCfg = Debug|Any CPU
		{80E55830-219A-45A4-B69D-79E5B5C1D855}.Debug|Any CPU.Build.0 = Debug|Any CPU
		{80E55830-219A-45A4-B69D-79E5B5C1D855}.Release|Any CPU.ActiveCfg = Release|Any CPU
		{80E55830-219A-45A4-B69D-79E5B5C1D855}.Release|Any CPU.Build.0 = Release|Any CPU
	EndGlobalSection
	GlobalSection(SolutionProperties) = preSolution
		HideSolutionNode = FALSE
	EndGlobalSection
	GlobalSection(ExtensibilityGlobals) = postSolution
		SolutionGuid = {0F75D0D5-7D10-4220-ACAC-3BCB490094C6}
	EndGlobalSection
EndGlobal
